
Microsoft Visual Studio Solution File, Format Version 12.00
# Visual Studio Version 17
VisualStudioVersion = 17.11.35208.52
MinimumVisualStudioVersion = 10.0.40219.1
Project("{FAE04EC0-301F-11D3-BF4B-00C04F79EFBC}") = "01_MainSubjects", "01_MainSubjects\01_MainSubjects.csproj", "{E4E63379-D1C4-4031-B5A2-96E31AF796F2}"
EndProject
Project("{FAE04EC0-301F-11D3-BF4B-00C04F79EFBC}") = "02_Variables", "02_Variables\02_Variables.csproj", "{FCB09DAE-5020-4B6E-9039-6CBC1A1893E0}"
EndProject
Global
	GlobalSection(SolutionConfigurationPlatforms) = preSolution
		Debug|Any CPU = Debug|Any CPU
		Release|Any CPU = Release|Any CPU
	EndGlobalSection
	GlobalSection(ProjectConfigurationPlatforms) = postSolution
		{E4E63379-D1C4-4031-B5A2-96E31AF796F2}.Debug|Any CPU.ActiveCfg = Debug|Any CPU
		{E4E63379-D1C4-4031-B5A2-96E31AF796F2}.Debug|Any CPU.Build.0 = Debug|Any CPU
		{E4E63379-D1C4-4031-B5A2-96E31AF796F2}.Release|Any CPU.ActiveCfg = Release|Any CPU
		{E4E63379-D1C4-4031-B5A2-96E31AF796F2}.Release|Any CPU.Build.0 = Release|Any CPU
		{FCB09DAE-5020-4B6E-9039-6CBC1A1893E0}.Debug|Any CPU.ActiveCfg = Debug|Any CPU
		{FCB09DAE-5020-4B6E-9039-6CBC1A1893E0}.Debug|Any CPU.Build.0 = Debug|Any CPU
		{FCB09DAE-5020-4B6E-9039-6CBC1A1893E0}.Release|Any CPU.ActiveCfg = Release|Any CPU
		{FCB09DAE-5020-4B6E-9039-6CBC1A1893E0}.Release|Any CPU.Build.0 = Release|Any CPU
	EndGlobalSection
	GlobalSection(SolutionProperties) = preSolution
		HideSolutionNode = FALSE
	EndGlobalSection
	GlobalSection(ExtensibilityGlobals) = postSolution
		SolutionGuid = {D490495A-9AE8-477C-8654-80CEF9A831A5}
	EndGlobalSection
EndGlobal
