
Microsoft Visual Studio Solution File, Format Version 12.00
# Visual Studio Version 17
VisualStudioVersion = 17.11.35208.52
MinimumVisualStudioVersion = 10.0.40219.1
Project("{FAE04EC0-301F-11D3-BF4B-00C04F79EFBC}") = "01_MainSubjects", "01_MainSubjects\01_MainSubjects.csproj", "{E4E63379-D1C4-4031-B5A2-96E31AF796F2}"
EndProject
Project("{FAE04EC0-301F-11D3-BF4B-00C04F79EFBC}") = "02_Variables", "02_Variables\02_Variables.csproj", "{FCB09DAE-5020-4B6E-9039-6CBC1A1893E0}"
EndProject
Project("{FAE04EC0-301F-11D3-BF4B-00C04F79EFBC}") = "03_MakingDecision", "03_MakingDecision\03_MakingDecision.csproj", "{393977B6-BD85-4E91-A5CC-A840210FF090}"
EndProject
Project("{FAE04EC0-301F-11D3-BF4B-00C04F79EFBC}") = "04_Loops", "04_Loops\04_Loops.csproj", "{C9C6D505-BBCB-4A25-8E9A-4CCFB9BFC0D7}"
EndProject
Project("{FAE04EC0-301F-11D3-BF4B-00C04F79EFBC}") = "05_LoopsWithStarts", "05_LoopsWithStarts\05_LoopsWithStarts.csproj", "{46BEE533-8447-4C2E-9E2E-6726895673FF}"
EndProject
Project("{FAE04EC0-301F-11D3-BF4B-00C04F79EFBC}") = "06_Arrays", "06_Arrays\06_Arrays.csproj", "{68F6BDD1-A52C-4C67-9C54-679E32E2A236}"
EndProject
Global
	GlobalSection(SolutionConfigurationPlatforms) = preSolution
		Debug|Any CPU = Debug|Any CPU
		Release|Any CPU = Release|Any CPU
	EndGlobalSection
	GlobalSection(ProjectConfigurationPlatforms) = postSolution
		{E4E63379-D1C4-4031-B5A2-96E31AF796F2}.Debug|Any CPU.ActiveCfg = Debug|Any CPU
		{E4E63379-D1C4-4031-B5A2-96E31AF796F2}.Debug|Any CPU.Build.0 = Debug|Any CPU
		{E4E63379-D1C4-4031-B5A2-96E31AF796F2}.Release|Any CPU.ActiveCfg = Release|Any CPU
		{E4E63379-D1C4-4031-B5A2-96E31AF796F2}.Release|Any CPU.Build.0 = Release|Any CPU
		{FCB09DAE-5020-4B6E-9039-6CBC1A1893E0}.Debug|Any CPU.ActiveCfg = Debug|Any CPU
		{FCB09DAE-5020-4B6E-9039-6CBC1A1893E0}.Debug|Any CPU.Build.0 = Debug|Any CPU
		{FCB09DAE-5020-4B6E-9039-6CBC1A1893E0}.Release|Any CPU.ActiveCfg = Release|Any CPU
		{FCB09DAE-5020-4B6E-9039-6CBC1A1893E0}.Release|Any CPU.Build.0 = Release|Any CPU
		{393977B6-BD85-4E91-A5CC-A840210FF090}.Debug|Any CPU.ActiveCfg = Debug|Any CPU
		{393977B6-BD85-4E91-A5CC-A840210FF090}.Debug|Any CPU.Build.0 = Debug|Any CPU
		{393977B6-BD85-4E91-A5CC-A840210FF090}.Release|Any CPU.ActiveCfg = Release|Any CPU
		{393977B6-BD85-4E91-A5CC-A840210FF090}.Release|Any CPU.Build.0 = Release|Any CPU
		{C9C6D505-BBCB-4A25-8E9A-4CCFB9BFC0D7}.Debug|Any CPU.ActiveCfg = Debug|Any CPU
		{C9C6D505-BBCB-4A25-8E9A-4CCFB9BFC0D7}.Debug|Any CPU.Build.0 = Debug|Any CPU
		{C9C6D505-BBCB-4A25-8E9A-4CCFB9BFC0D7}.Release|Any CPU.ActiveCfg = Release|Any CPU
		{C9C6D505-BBCB-4A25-8E9A-4CCFB9BFC0D7}.Release|Any CPU.Build.0 = Release|Any CPU
		{46BEE533-8447-4C2E-9E2E-6726895673FF}.Debug|Any CPU.ActiveCfg = Debug|Any CPU
		{46BEE533-8447-4C2E-9E2E-6726895673FF}.Debug|Any CPU.Build.0 = Debug|Any CPU
		{46BEE533-8447-4C2E-9E2E-6726895673FF}.Release|Any CPU.ActiveCfg = Release|Any CPU
		{46BEE533-8447-4C2E-9E2E-6726895673FF}.Release|Any CPU.Build.0 = Release|Any CPU
		{68F6BDD1-A52C-4C67-9C54-679E32E2A236}.Debug|Any CPU.ActiveCfg = Debug|Any CPU
		{68F6BDD1-A52C-4C67-9C54-679E32E2A236}.Debug|Any CPU.Build.0 = Debug|Any CPU
		{68F6BDD1-A52C-4C67-9C54-679E32E2A236}.Release|Any CPU.ActiveCfg = Release|Any CPU
		{68F6BDD1-A52C-4C67-9C54-679E32E2A236}.Release|Any CPU.Build.0 = Release|Any CPU
	EndGlobalSection
	GlobalSection(SolutionProperties) = preSolution
		HideSolutionNode = FALSE
	EndGlobalSection
	GlobalSection(ExtensibilityGlobals) = postSolution
		SolutionGuid = {D490495A-9AE8-477C-8654-80CEF9A831A5}
	EndGlobalSection
EndGlobal
